// !$*UTF8*$!
{
	archiveVersion = 1;
	classes = {
	};
	objectVersion = 77;
	objects = {

/* Begin PBXContainerItemProxy section */
		F178B4E72D915A1D00A7BDD9 /* PBXContainerItemProxy */ = {
			isa = PBXContainerItemProxy;
			containerPortal = F178B4CE2D915A1C00A7BDD9 /* Project object */;
			proxyType = 1;
			remoteGlobalIDString = F178B4D52D915A1C00A7BDD9;
			remoteInfo = "dv-alexleo-mobile";
		};
		F178B4F12D915A1D00A7BDD9 /* PBXContainerItemProxy */ = {
			isa = PBXContainerItemProxy;
			containerPortal = F178B4CE2D915A1C00A7BDD9 /* Project object */;
			proxyType = 1;
			remoteGlobalIDString = F178B4D52D915A1C00A7BDD9;
			remoteInfo = "dv-alexleo-mobile";
		};
/* End PBXContainerItemProxy section */

/* Begin PBXFileReference section */
		F178B5682D9161A700A7BDD9 /* dv-alexleo-mobile.app */ = {isa = PBXFileReference; explicitFileType = wrapper.application; includeInIndex = 0; path = "dv-alexleo-mobile.app"; sourceTree = BUILT_PRODUCTS_DIR; };
		F178B5692D9161A700A7BDD9 /* dv-alexleo-mobileTests.xctest */ = {isa = PBXFileReference; explicitFileType = wrapper.cfbundle; includeInIndex = 0; path = "dv-alexleo-mobileTests.xctest"; sourceTree = BUILT_PRODUCTS_DIR; };
		F178B56A2D9161A700A7BDD9 /* dv-alexleo-mobileUITests.xctest */ = {isa = PBXFileReference; explicitFileType = wrapper.cfbundle; includeInIndex = 0; path = "dv-alexleo-mobileUITests.xctest"; sourceTree = BUILT_PRODUCTS_DIR; };
/* End PBXFileReference section */

/* Begin PBXFileSystemSynchronizedRootGroup section */
		F178B4D82D915A1C00A7BDD9 /* dv-alexleo-mobile */ = {
			isa = PBXFileSystemSynchronizedRootGroup;
			path = "dv-alexleo-mobile";
			sourceTree = "<group>";
		};
/* End PBXFileSystemSynchronizedRootGroup section */

/* Begin PBXFrameworksBuildPhase section */
		F178B4D32D915A1C00A7BDD9 /* Frameworks */ = {
			isa = PBXFrameworksBuildPhase;
			buildActionMask = 2147483647;
			files = (
			);
			runOnlyForDeploymentPostprocessing = 0;
		};
		F178B4E32D915A1D00A7BDD9 /* Frameworks */ = {
			isa = PBXFrameworksBuildPhase;
			buildActionMask = 2147483647;
			files = (
			);
			runOnlyForDeploymentPostprocessing = 0;
		};
		F178B4ED2D915A1D00A7BDD9 /* Frameworks */ = {
			isa = PBXFrameworksBuildPhase;
			buildActionMask = 2147483647;
			files = (
			);
			runOnlyForDeploymentPostprocessing = 0;
		};
/* End PBXFrameworksBuildPhase section */

/* Begin PBXGroup section */
		F178B4CD2D915A1C00A7BDD9 = {
			isa = PBXGroup;
			children = (
				F178B4D82D915A1C00A7BDD9 /* dv-alexleo-mobile */,
				F178B5682D9161A700A7BDD9 /* dv-alexleo-mobile.app */,
				F178B5692D9161A700A7BDD9 /* dv-alexleo-mobileTests.xctest */,
				F178B56A2D9161A700A7BDD9 /* dv-alexleo-mobileUITests.xctest */,
			);
			sourceTree = "<group>";
		};
/* End PBXGroup section */

/* Begin PBXNativeTarget section */
		F178B4D52D915A1C00A7BDD9 /* dv-alexleo-mobile */ = {
			isa = PBXNativeTarget;
			buildConfigurationList = F178B4FA2D915A1D00A7BDD9 /* Build configuration list for PBXNativeTarget "dv-alexleo-mobile" */;
			buildPhases = (
				F178B4D22D915A1C00A7BDD9 /* Sources */,
				F178B4D32D915A1C00A7BDD9 /* Frameworks */,
				F178B4D42D915A1C00A7BDD9 /* Resources */,
			);
			buildRules = (
			);
			dependencies = (
			);
			fileSystemSynchronizedGroups = (
				F178B4D82D915A1C00A7BDD9 /* dv-alexleo-mobile */,
			);
			name = "dv-alexleo-mobile";
			packageProductDependencies = (
			);
			productName = "dv-alexleo-mobile";
			productReference = F178B5682D9161A700A7BDD9 /* dv-alexleo-mobile.app */;
			productType = "com.apple.product-type.application";
		};
		F178B4E52D915A1D00A7BDD9 /* dv-alexleo-mobileTests */ = {
			isa = PBXNativeTarget;
			buildConfigurationList = F178B4FD2D915A1D00A7BDD9 /* Build configuration list for PBXNativeTarget "dv-alexleo-mobileTests" */;
			buildPhases = (
				F178B4E22D915A1D00A7BDD9 /* Sources */,
				F178B4E32D915A1D00A7BDD9 /* Frameworks */,
				F178B4E42D915A1D00A7BDD9 /* Resources */,
			);
			buildRules = (
			);
			dependencies = (
				F178B4E82D915A1D00A7BDD9 /* PBXTargetDependency */,
			);
			name = "dv-alexleo-mobileTests";
			packageProductDependencies = (
			);
			productName = "dv-alexleo-mobileTests";
			productReference = F178B5692D9161A700A7BDD9 /* dv-alexleo-mobileTests.xctest */;
			productType = "com.apple.product-type.bundle.unit-test";
		};
		F178B4EF2D915A1D00A7BDD9 /* dv-alexleo-mobileUITests */ = {
			isa = PBXNativeTarget;
			buildConfigurationList = F178B5002D915A1D00A7BDD9 /* Build configuration list for PBXNativeTarget "dv-alexleo-mobileUITests" */;
			buildPhases = (
				F178B4EC2D915A1D00A7BDD9 /* Sources */,
				F178B4ED2D915A1D00A7BDD9 /* Frameworks */,
				F178B4EE2D915A1D00A7BDD9 /* Resources */,
			);
			buildRules = (
			);
			dependencies = (
				F178B4F22D915A1D00A7BDD9 /* PBXTargetDependency */,
			);
			name = "dv-alexleo-mobileUITests";
			packageProductDependencies = (
			);
			productName = "dv-alexleo-mobileUITests";
			productReference = F178B56A2D9161A700A7BDD9 /* dv-alexleo-mobileUITests.xctest */;
			productType = "com.apple.product-type.bundle.ui-testing";
		};
/* End PBXNativeTarget section */

/* Begin PBXProject section */
		F178B4CE2D915A1C00A7BDD9 /* Project object */ = {
			isa = PBXProject;
			attributes = {
				BuildIndependentTargetsInParallel = 1;
				LastSwiftUpdateCheck = 1610;
				LastUpgradeCheck = 1610;
				TargetAttributes = {
					F178B4D52D915A1C00A7BDD9 = {
						CreatedOnToolsVersion = 16.1;
					};
					F178B4E52D915A1D00A7BDD9 = {
						CreatedOnToolsVersion = 16.1;
						TestTargetID = F178B4D52D915A1C00A7BDD9;
					};
					F178B4EF2D915A1D00A7BDD9 = {
						CreatedOnToolsVersion = 16.1;
						TestTargetID = F178B4D52D915A1C00A7BDD9;
					};
				};
			};
			buildConfigurationList = F178B4D12D915A1C00A7BDD9 /* Build configuration list for PBXProject "dv-alexleo-mobile" */;
			developmentRegion = en;
			hasScannedForEncodings = 0;
			knownRegions = (
				en,
				Base,
			);
			mainGroup = F178B4CD2D915A1C00A7BDD9;
			minimizedProjectReferenceProxies = 1;
			preferredProjectObjectVersion = 77;
			productRefGroup = F178B4CD2D915A1C00A7BDD9;
			projectDirPath = "";
			projectRoot = "";
			targets = (
				F178B4D52D915A1C00A7BDD9 /* dv-alexleo-mobile */,
				F178B4E52D915A1D00A7BDD9 /* dv-alexleo-mobileTests */,
				F178B4EF2D915A1D00A7BDD9 /* dv-alexleo-mobileUITests */,
			);
		};
/* End PBXProject section */

/* Begin PBXResourcesBuildPhase section */
		F178B4D42D915A1C00A7BDD9 /* Resources */ = {
			isa = PBXResourcesBuildPhase;
			buildActionMask = 2147483647;
			files = (
			);
			runOnlyForDeploymentPostprocessing = 0;
		};
		F178B4E42D915A1D00A7BDD9 /* Resources */ = {
			isa = PBXResourcesBuildPhase;
			buildActionMask = 2147483647;
			files = (
			);
			runOnlyForDeploymentPostprocessing = 0;
		};
		F178B4EE2D915A1D00A7BDD9 /* Resources */ = {
			isa = PBXResourcesBuildPhase;
			buildActionMask = 2147483647;
			files = (
			);
			runOnlyForDeploymentPostprocessing = 0;
		};
/* End PBXResourcesBuildPhase section */

/* Begin PBXSourcesBuildPhase section */
		F178B4D22D915A1C00A7BDD9 /* Sources */ = {
			isa = PBXSourcesBuildPhase;
			buildActionMask = 2147483647;
			files = (
			);
			runOnlyForDeploymentPostprocessing = 0;
		};
		F178B4E22D915A1D00A7BDD9 /* Sources */ = {
			isa = PBXSourcesBuildPhase;
			buildActionMask = 2147483647;
			files = (
			);
			runOnlyForDeploymentPostprocessing = 0;
		};
		F178B4EC2D915A1D00A7BDD9 /* Sources */ = {
			isa = PBXSourcesBuildPhase;
			buildActionMask = 2147483647;
			files = (
			);
			runOnlyForDeploymentPostprocessing = 0;
		};
/* End PBXSourcesBuildPhase section */

/* Begin PBXTargetDependency section */
		F178B4E82D915A1D00A7BDD9 /* PBXTargetDependency */ = {
			isa = PBXTargetDependency;
			target = F178B4D52D915A1C00A7BDD9 /* dv-alexleo-mobile */;
			targetProxy = F178B4E72D915A1D00A7BDD9 /* PBXContainerItemProxy */;
		};
		F178B4F22D915A1D00A7BDD9 /* PBXTargetDependency */ = {
			isa = PBXTargetDependency;
			target = F178B4D52D915A1C00A7BDD9 /* dv-alexleo-mobile */;
			targetProxy = F178B4F12D915A1D00A7BDD9 /* PBXContainerItemProxy */;
		};
/* End PBXTargetDependency section */

/* Begin XCBuildConfiguration section */
		F178B4F82D915A1D00A7BDD9 /* Debug */ = {
			isa = XCBuildConfiguration;
			buildSettings = {
				ALWAYS_SEARCH_USER_PATHS = NO;
				ASSETCATALOG_COMPILER_GENERATE_SWIFT_ASSET_SYMBOL_EXTENSIONS = YES;
				CLANG_ANALYZER_NONNULL = YES;
				CLANG_ANALYZER_NUMBER_OBJECT_CONVERSION = YES_AGGRESSIVE;
				CLANG_CXX_LANGUAGE_STANDARD = "gnu++20";
				CLANG_ENABLE_MODULES = YES;
				CLANG_ENABLE_OBJC_ARC = YES;
				CLANG_ENABLE_OBJC_WEAK = YES;
				CLANG_WARN_BLOCK_CAPTURE_AUTORELEASING = YES;
				CLANG_WARN_BOOL_CONVERSION = YES;
				CLANG_WARN_COMMA = YES;
				CLANG_WARN_CONSTANT_CONVERSION = YES;
				CLANG_WARN_DEPRECATED_OBJC_IMPLEMENTATIONS = YES;
				CLANG_WARN_DIRECT_OBJC_ISA_USAGE = YES_ERROR;
				CLANG_WARN_DOCUMENTATION_COMMENTS = YES;
				CLANG_WARN_EMPTY_BODY = YES;
				CLANG_WARN_ENUM_CONVERSION = YES;
				CLANG_WARN_INFINITE_RECURSION = YES;
				CLANG_WARN_INT_CONVERSION = YES;
				CLANG_WARN_NON_LITERAL_NULL_CONVERSION = YES;
				CLANG_WARN_OBJC_IMPLICIT_RETAIN_SELF = YES;
				CLANG_WARN_OBJC_LITERAL_CONVERSION = YES;
				CLANG_WARN_OBJC_ROOT_CLASS = YES_ERROR;
				CLANG_WARN_QUOTED_INCLUDE_IN_FRAMEWORK_HEADER = YES;
				CLANG_WARN_RANGE_LOOP_ANALYSIS = YES;
				CLANG_WARN_STRICT_PROTOTYPES = YES;
				CLANG_WARN_SUSPICIOUS_MOVE = YES;
				CLANG_WARN_UNGUARDED_AVAILABILITY = YES_AGGRESSIVE;
				CLANG_WARN_UNREACHABLE_CODE = YES;
				CLANG_WARN__DUPLICATE_METHOD_MATCH = YES;
				COPY_PHASE_STRIP = NO;
				DEBUG_INFORMATION_FORMAT = dwarf;
				ENABLE_STRICT_OBJC_MSGSEND = YES;
				ENABLE_TESTABILITY = YES;
				ENABLE_USER_SCRIPT_SANDBOXING = YES;
				GCC_C_LANGUAGE_STANDARD = gnu17;
				GCC_DYNAMIC_NO_PIC = NO;
				GCC_NO_COMMON_BLOCKS = YES;
				GCC_OPTIMIZATION_LEVEL = 0;
				GCC_PREPROCESSOR_DEFINITIONS = (
					"DEBUG=1",
					"$(inherited)",
				);
				GCC_WARN_64_TO_32_BIT_CONVERSION = YES;
				GCC_WARN_ABOUT_RETURN_TYPE = YES_ERROR;
				GCC_WARN_UNDECLARED_SELECTOR = YES;
				GCC_WARN_UNINITIALIZED_AUTOS = YES_AGGRESSIVE;
				GCC_WARN_UNUSED_FUNCTION = YES;
				GCC_WARN_UNUSED_VARIABLE = YES;
				IPHONEOS_DEPLOYMENT_TARGET = 18.1;
				LOCALIZATION_PREFERS_STRING_CATALOGS = YES;
				MTL_ENABLE_DEBUG_INFO = INCLUDE_SOURCE;
				MTL_FAST_MATH = YES;
				ONLY_ACTIVE_ARCH = YES;
				SDKROOT = iphoneos;
				SWIFT_ACTIVE_COMPILATION_CONDITIONS = "DEBUG $(inherited)";
				SWIFT_OPTIMIZATION_LEVEL = "-Onone";
			};
			name = Debug;
		};
		F178B4F92D915A1D00A7BDD9 /* Release */ = {
			isa = XCBuildConfiguration;
			buildSettings = {
				ALWAYS_SEARCH_USER_PATHS = NO;
				ASSETCATALOG_COMPILER_GENERATE_SWIFT_ASSET_SYMBOL_EXTENSIONS = YES;
				CLANG_ANALYZER_NONNULL = YES;
				CLANG_ANALYZER_NUMBER_OBJECT_CONVERSION = YES_AGGRESSIVE;
				CLANG_CXX_LANGUAGE_STANDARD = "gnu++20";
				CLANG_ENABLE_MODULES = YES;
				CLANG_ENABLE_OBJC_ARC = YES;
				CLANG_ENABLE_OBJC_WEAK = YES;
				CLANG_WARN_BLOCK_CAPTURE_AUTORELEASING = YES;
				CLANG_WARN_BOOL_CONVERSION = YES;
				CLANG_WARN_COMMA = YES;
				CLANG_WARN_CONSTANT_CONVERSION = YES;
				CLANG_WARN_DEPRECATED_OBJC_IMPLEMENTATIONS = YES;
				CLANG_WARN_DIRECT_OBJC_ISA_USAGE = YES_ERROR;
				CLANG_WARN_DOCUMENTATION_COMMENTS = YES;
				CLANG_WARN_EMPTY_BODY = YES;
				CLANG_WARN_ENUM_CONVERSION = YES;
				CLANG_WARN_INFINITE_RECURSION = YES;
				CLANG_WARN_INT_CONVERSION = YES;
				CLANG_WARN_NON_LITERAL_NULL_CONVERSION = YES;
				CLANG_WARN_OBJC_IMPLICIT_RETAIN_SELF = YES;
				CLANG_WARN_OBJC_LITERAL_CONVERSION = YES;
				CLANG_WARN_OBJC_ROOT_CLASS = YES_ERROR;
				CLANG_WARN_QUOTED_INCLUDE_IN_FRAMEWORK_HEADER = YES;
				CLANG_WARN_RANGE_LOOP_ANALYSIS = YES;
				CLANG_WARN_STRICT_PROTOTYPES = YES;
				CLANG_WARN_SUSPICIOUS_MOVE = YES;
				CLANG_WARN_UNGUARDED_AVAILABILITY = YES_AGGRESSIVE;
				CLANG_WARN_UNREACHABLE_CODE = YES;
				CLANG_WARN__DUPLICATE_METHOD_MATCH = YES;
				COPY_PHASE_STRIP = NO;
				DEBUG_INFORMATION_FORMAT = "dwarf-with-dsym";
				ENABLE_NS_ASSERTIONS = NO;
				ENABLE_STRICT_OBJC_MSGSEND = YES;
				ENABLE_USER_SCRIPT_SANDBOXING = YES;
				GCC_C_LANGUAGE_STANDARD = gnu17;
				GCC_NO_COMMON_BLOCKS = YES;
				GCC_WARN_64_TO_32_BIT_CONVERSION = YES;
				GCC_WARN_ABOUT_RETURN_TYPE = YES_ERROR;
				GCC_WARN_UNDECLARED_SELECTOR = YES;
				GCC_WARN_UNINITIALIZED_AUTOS = YES_AGGRESSIVE;
				GCC_WARN_UNUSED_FUNCTION = YES;
				GCC_WARN_UNUSED_VARIABLE = YES;
				IPHONEOS_DEPLOYMENT_TARGET = 18.1;
				LOCALIZATION_PREFERS_STRING_CATALOGS = YES;
				MTL_ENABLE_DEBUG_INFO = NO;
				MTL_FAST_MATH = YES;
				SDKROOT = iphoneos;
				SWIFT_COMPILATION_MODE = wholemodule;
				VALIDATE_PRODUCT = YES;
			};
			name = Release;
		};
		F178B4FB2D915A1D00A7BDD9 /* Debug */ = {
			isa = XCBuildConfiguration;
			buildSettings = {
				ASSETCATALOG_COMPILER_APPICON_NAME = AppIcon;
				ASSETCATALOG_COMPILER_GLOBAL_ACCENT_COLOR_NAME = AccentColor;
				CODE_SIGN_STYLE = Automatic;
				CURRENT_PROJECT_VERSION = 1;
				DEVELOPMENT_ASSET_PATHS = "\"dv-alexleo-mobile/Preview Content\"";
				ENABLE_PREVIEWS = YES;
				GENERATE_INFOPLIST_FILE = YES;
				INFOPLIST_KEY_UIApplicationSceneManifest_Generation = YES;
				INFOPLIST_KEY_UIApplicationSupportsIndirectInputEvents = YES;
				INFOPLIST_KEY_UILaunchScreen_Generation = YES;
				INFOPLIST_KEY_UISupportedInterfaceOrientations_iPad = "UIInterfaceOrientationPortrait UIInterfaceOrientationPortraitUpsideDown UIInterfaceOrientationLandscapeLeft UIInterfaceOrientationLandscapeRight";
				INFOPLIST_KEY_UISupportedInterfaceOrientations_iPhone = "UIInterfaceOrientationPortrait UIInterfaceOrientationLandscapeLeft UIInterfaceOrientationLandscapeRight";
				LD_RUNPATH_SEARCH_PATHS = (
					"$(inherited)",
					"@executable_path/Frameworks",
				);
				MARKETING_VERSION = 1.0;
				PRODUCT_BUNDLE_IDENTIFIER = "com.igdevx.dv-alexleo-mobile";
				PRODUCT_NAME = "$(TARGET_NAME)";
				SWIFT_EMIT_LOC_STRINGS = YES;
				SWIFT_VERSION = 5.0;
				TARGETED_DEVICE_FAMILY = "1,2";
			};
			name = Debug;
		};
		F178B4FC2D915A1D00A7BDD9 /* Release */ = {
			isa = XCBuildConfiguration;
			buildSettings = {
				ASSETCATALOG_COMPILER_APPICON_NAME = AppIcon;
				ASSETCATALOG_COMPILER_GLOBAL_ACCENT_COLOR_NAME = AccentColor;
				CODE_SIGN_STYLE = Automatic;
				CURRENT_PROJECT_VERSION = 1;
				DEVELOPMENT_ASSET_PATHS = "\"dv-alexleo-mobile/Preview Content\"";
				ENABLE_PREVIEWS = YES;
				GENERATE_INFOPLIST_FILE = YES;
				INFOPLIST_KEY_UIApplicationSceneManifest_Generation = YES;
				INFOPLIST_KEY_UIApplicationSupportsIndirectInputEvents = YES;
				INFOPLIST_KEY_UILaunchScreen_Generation = YES;
				INFOPLIST_KEY_UISupportedInterfaceOrientations_iPad = "UIInterfaceOrientationPortrait UIInterfaceOrientationPortraitUpsideDown UIInterfaceOrientationLandscapeLeft UIInterfaceOrientationLandscapeRight";
				INFOPLIST_KEY_UISupportedInterfaceOrientations_iPhone = "UIInterfaceOrientationPortrait UIInterfaceOrientationLandscapeLeft UIInterfaceOrientationLandscapeRight";
				LD_RUNPATH_SEARCH_PATHS = (
					"$(inherited)",
					"@executable_path/Frameworks",
				);
				MARKETING_VERSION = 1.0;
				PRODUCT_BUNDLE_IDENTIFIER = "com.igdevx.dv-alexleo-mobile";
				PRODUCT_NAME = "$(TARGET_NAME)";
				SWIFT_EMIT_LOC_STRINGS = YES;
				SWIFT_VERSION = 5.0;
				TARGETED_DEVICE_FAMILY = "1,2";
			};
			name = Release;
		};
		F178B4FE2D915A1D00A7BDD9 /* Debug */ = {
			isa = XCBuildConfiguration;
			buildSettings = {
				BUNDLE_LOADER = "$(TEST_HOST)";
				CODE_SIGN_STYLE = Automatic;
				CURRENT_PROJECT_VERSION = 1;
				GENERATE_INFOPLIST_FILE = YES;
				IPHONEOS_DEPLOYMENT_TARGET = 18.1;
				MARKETING_VERSION = 1.0;
				PRODUCT_BUNDLE_IDENTIFIER = "com.igdevx.dv-alexleo-mobileTests";
				PRODUCT_NAME = "$(TARGET_NAME)";
				SWIFT_EMIT_LOC_STRINGS = NO;
				SWIFT_VERSION = 5.0;
				TARGETED_DEVICE_FAMILY = "1,2";
				TEST_HOST = "$(BUILT_PRODUCTS_DIR)/dv-alexleo-mobile.app/$(BUNDLE_EXECUTABLE_FOLDER_PATH)/dv-alexleo-mobile";
			};
			name = Debug;
		};
		F178B4FF2D915A1D00A7BDD9 /* Release */ = {
			isa = XCBuildConfiguration;
			buildSettings = {
				BUNDLE_LOADER = "$(TEST_HOST)";
				CODE_SIGN_STYLE = Automatic;
				CURRENT_PROJECT_VERSION = 1;
				GENERATE_INFOPLIST_FILE = YES;
				IPHONEOS_DEPLOYMENT_TARGET = 18.1;
				MARKETING_VERSION = 1.0;
				PRODUCT_BUNDLE_IDENTIFIER = "com.igdevx.dv-alexleo-mobileTests";
				PRODUCT_NAME = "$(TARGET_NAME)";
				SWIFT_EMIT_LOC_STRINGS = NO;
				SWIFT_VERSION = 5.0;
				TARGETED_DEVICE_FAMILY = "1,2";
				TEST_HOST = "$(BUILT_PRODUCTS_DIR)/dv-alexleo-mobile.app/$(BUNDLE_EXECUTABLE_FOLDER_PATH)/dv-alexleo-mobile";
			};
			name = Release;
		};
		F178B5012D915A1D00A7BDD9 /* Debug */ = {
			isa = XCBuildConfiguration;
			buildSettings = {
				CODE_SIGN_STYLE = Automatic;
				CURRENT_PROJECT_VERSION = 1;
				GENERATE_INFOPLIST_FILE = YES;
				MARKETING_VERSION = 1.0;
				PRODUCT_BUNDLE_IDENTIFIER = "com.igdevx.dv-alexleo-mobileUITests";
				PRODUCT_NAME = "$(TARGET_NAME)";
				SWIFT_EMIT_LOC_STRINGS = NO;
				SWIFT_VERSION = 5.0;
				TARGETED_DEVICE_FAMILY = "1,2";
				TEST_TARGET_NAME = "dv-alexleo-mobile";
			};
			name = Debug;
		};
		F178B5022D915A1D00A7BDD9 /* Release */ = {
			isa = XCBuildConfiguration;
			buildSettings = {
				CODE_SIGN_STYLE = Automatic;
				CURRENT_PROJECT_VERSION = 1;
				GENERATE_INFOPLIST_FILE = YES;
				MARKETING_VERSION = 1.0;
				PRODUCT_BUNDLE_IDENTIFIER = "com.igdevx.dv-alexleo-mobileUITests";
				PRODUCT_NAME = "$(TARGET_NAME)";
				SWIFT_EMIT_LOC_STRINGS = NO;
				SWIFT_VERSION = 5.0;
				TARGETED_DEVICE_FAMILY = "1,2";
				TEST_TARGET_NAME = "dv-alexleo-mobile";
			};
			name = Release;
		};
/* End XCBuildConfiguration section */

/* Begin XCConfigurationList section */
		F178B4D12D915A1C00A7BDD9 /* Build configuration list for PBXProject "dv-alexleo-mobile" */ = {
			isa = XCConfigurationList;
			buildConfigurations = (
				F178B4F82D915A1D00A7BDD9 /* Debug */,
				F178B4F92D915A1D00A7BDD9 /* Release */,
			);
			defaultConfigurationIsVisible = 0;
			defaultConfigurationName = Release;
		};
		F178B4FA2D915A1D00A7BDD9 /* Build configuration list for PBXNativeTarget "dv-alexleo-mobile" */ = {
			isa = XCConfigurationList;
			buildConfigurations = (
				F178B4FB2D915A1D00A7BDD9 /* Debug */,
				F178B4FC2D915A1D00A7BDD9 /* Release */,
			);
			defaultConfigurationIsVisible = 0;
			defaultConfigurationName = Release;
		};
		F178B4FD2D915A1D00A7BDD9 /* Build configuration list for PBXNativeTarget "dv-alexleo-mobileTests" */ = {
			isa = XCConfigurationList;
			buildConfigurations = (
				F178B4FE2D915A1D00A7BDD9 /* Debug */,
				F178B4FF2D915A1D00A7BDD9 /* Release */,
			);
			defaultConfigurationIsVisible = 0;
			defaultConfigurationName = Release;
		};
		F178B5002D915A1D00A7BDD9 /* Build configuration list for PBXNativeTarget "dv-alexleo-mobileUITests" */ = {
			isa = XCConfigurationList;
			buildConfigurations = (
				F178B5012D915A1D00A7BDD9 /* Debug */,
				F178B5022D915A1D00A7BDD9 /* Release */,
			);
			defaultConfigurationIsVisible = 0;
			defaultConfigurationName = Release;
		};
/* End XCConfigurationList section */
	};
	rootObject = F178B4CE2D915A1C00A7BDD9 /* Project object */;
}
